// !$*UTF8*$!
{
	archiveVersion = 1;
	classes = {
	};
	objectVersion = 46;
	objects = {

/* Begin PBXBuildFile section */
		31C71B12DDD92A6D3936F6C3 /* Pods_QuranEnglish.framework in Frameworks */ = {isa = PBXBuildFile; fileRef = D649B396EAF233ED739E6CDD /* Pods_QuranEnglish.framework */; };
		8A1EE5832186348F009F7DC9 /* FastScroll+Extensions.swift in Sources */ = {isa = PBXBuildFile; fileRef = 8A1EE5822186348F009F7DC9 /* FastScroll+Extensions.swift */; };
		8A392F612172738700DA1200 /* QuranParsingManager.swift in Sources */ = {isa = PBXBuildFile; fileRef = 8A392F602172738700DA1200 /* QuranParsingManager.swift */; };
		8A392F63217273B900DA1200 /* QuranMetadataParser.swift in Sources */ = {isa = PBXBuildFile; fileRef = 8A392F62217273B900DA1200 /* QuranMetadataParser.swift */; };
		8A4E68F82172B6E10050B5BF /* DataParser.swift in Sources */ = {isa = PBXBuildFile; fileRef = 8A4E68F72172B6E10050B5BF /* DataParser.swift */; };
		8A4E68FA2172B8DD0050B5BF /* ParsingErrors.swift in Sources */ = {isa = PBXBuildFile; fileRef = 8A4E68F92172B8DD0050B5BF /* ParsingErrors.swift */; };
		8A4E68FC2172BDFE0050B5BF /* Surah.storyboard in Resources */ = {isa = PBXBuildFile; fileRef = 8A4E68FB2172BDFE0050B5BF /* Surah.storyboard */; };
		8A4E69012172BFF10050B5BF /* SurahViewController.swift in Sources */ = {isa = PBXBuildFile; fileRef = 8A4E69002172BFF10050B5BF /* SurahViewController.swift */; };
		8A4E69042172CC6F0050B5BF /* UIFont+Extensions.swift in Sources */ = {isa = PBXBuildFile; fileRef = 8A4E69032172CC6F0050B5BF /* UIFont+Extensions.swift */; };
		8A4E69062172CCB80050B5BF /* Alkalami-Regular.ttf in Resources */ = {isa = PBXBuildFile; fileRef = 8A94FA091EE352AD00DD5D9F /* Alkalami-Regular.ttf */; };
		8A4E690E2172D2100050B5BF /* AlBayan.ttf in Resources */ = {isa = PBXBuildFile; fileRef = 8A4E690D2172D2100050B5BF /* AlBayan.ttf */; };
		8A4E69102172D7210050B5BF /* AlBayan-Bold.otf in Resources */ = {isa = PBXBuildFile; fileRef = 8A4E690F2172D7140050B5BF /* AlBayan-Bold.otf */; };
		8A581ACC1EE15D19009B18F3 /* AppDelegate.swift in Sources */ = {isa = PBXBuildFile; fileRef = 8A581ACB1EE15D19009B18F3 /* AppDelegate.swift */; };
		8A581AD11EE15D19009B18F3 /* Main.storyboard in Resources */ = {isa = PBXBuildFile; fileRef = 8A581ACF1EE15D19009B18F3 /* Main.storyboard */; };
		8A581AD41EE15D19009B18F3 /* QuranEnglish.xcdatamodeld in Sources */ = {isa = PBXBuildFile; fileRef = 8A581AD21EE15D19009B18F3 /* QuranEnglish.xcdatamodeld */; };
		8A581AD61EE15D19009B18F3 /* Assets.xcassets in Resources */ = {isa = PBXBuildFile; fileRef = 8A581AD51EE15D19009B18F3 /* Assets.xcassets */; };
		8A581AD91EE15D19009B18F3 /* LaunchScreen.storyboard in Resources */ = {isa = PBXBuildFile; fileRef = 8A581AD71EE15D19009B18F3 /* LaunchScreen.storyboard */; };
		8A581AE11EE1694D009B18F3 /* quran-simple.xml in Resources */ = {isa = PBXBuildFile; fileRef = 8A581AE01EE1694D009B18F3 /* quran-simple.xml */; };
		8A6538B72180C41B000ABA7E /* CoreDataStack.swift in Sources */ = {isa = PBXBuildFile; fileRef = 8A6538B62180C41B000ABA7E /* CoreDataStack.swift */; };
		8A6538C62180C6F9000ABA7E /* AyaMetadata+CoreDataClass.swift in Sources */ = {isa = PBXBuildFile; fileRef = 8A6538C22180C6F9000ABA7E /* AyaMetadata+CoreDataClass.swift */; };
		8A6538C82180C6F9000ABA7E /* Bookmark+CoreDataClass.swift in Sources */ = {isa = PBXBuildFile; fileRef = 8A6538C42180C6F9000ABA7E /* Bookmark+CoreDataClass.swift */; };
		8A6538CB2180C829000ABA7E /* BookmarksManager.swift in Sources */ = {isa = PBXBuildFile; fileRef = 8A6538CA2180C829000ABA7E /* BookmarksManager.swift */; };
		8A6538D6218187AE000ABA7E /* Bookmark+CoreDataProperties.swift in Sources */ = {isa = PBXBuildFile; fileRef = 8A6538D4218187AE000ABA7E /* Bookmark+CoreDataProperties.swift */; };
		8A6538D7218187AE000ABA7E /* AyaMetadata+CoreDataProperties.swift in Sources */ = {isa = PBXBuildFile; fileRef = 8A6538D5218187AE000ABA7E /* AyaMetadata+CoreDataProperties.swift */; };
		8A77C55220D631EE009CBBC7 /* QuranDocument.swift in Sources */ = {isa = PBXBuildFile; fileRef = 8A77C55120D631EE009CBBC7 /* QuranDocument.swift */; };
		8A77C55420D63CA1009CBBC7 /* LoadingScreen.swift in Sources */ = {isa = PBXBuildFile; fileRef = 8A77C55320D63CA1009CBBC7 /* LoadingScreen.swift */; };
		8A77C55620D6454C009CBBC7 /* SurahTableViewController.swift in Sources */ = {isa = PBXBuildFile; fileRef = 8A77C55520D6454C009CBBC7 /* SurahTableViewController.swift */; };
		8A7FA25820B3D6FB00991490 /* Aya.swift in Sources */ = {isa = PBXBuildFile; fileRef = 8A7FA25720B3D6FB00991490 /* Aya.swift */; };
		8A7FA25A20B3D70500991490 /* Surah.swift in Sources */ = {isa = PBXBuildFile; fileRef = 8A7FA25920B3D70500991490 /* Surah.swift */; };
		8A7FA25C20B3D72400991490 /* Quran.swift in Sources */ = {isa = PBXBuildFile; fileRef = 8A7FA25B20B3D72400991490 /* Quran.swift */; };
		8A94FA061EE2B28A00DD5D9F /* en.sahih.xml in Resources */ = {isa = PBXBuildFile; fileRef = 8A94FA051EE2B28A00DD5D9F /* en.sahih.xml */; };
		8A94FA081EE2B2AE00DD5D9F /* QuranParser.swift in Sources */ = {isa = PBXBuildFile; fileRef = 8A94FA071EE2B2AE00DD5D9F /* QuranParser.swift */; };
		8A94FA0B1EE36C2200DD5D9F /* quran-simple-enhanced.xml in Resources */ = {isa = PBXBuildFile; fileRef = 8A94FA0A1EE36C2200DD5D9F /* quran-simple-enhanced.xml */; };
		8AD5215221724EF60008E7C6 /* quran-data.xml in Resources */ = {isa = PBXBuildFile; fileRef = 8AD5215121724EF50008E7C6 /* quran-data.xml */; };
		8AD5215421724F2D0008E7C6 /* QuranMetadata.swift in Sources */ = {isa = PBXBuildFile; fileRef = 8AD5215321724F2D0008E7C6 /* QuranMetadata.swift */; };
		8AE275B8217643AF00D19EFD /* BorderView.swift in Sources */ = {isa = PBXBuildFile; fileRef = 8AE275B7217643AF00D19EFD /* BorderView.swift */; };
		8AE275BB217AF4C100D19EFD /* Translations.swift in Sources */ = {isa = PBXBuildFile; fileRef = 8AE275BA217AF4C100D19EFD /* Translations.swift */; };
		8AE275BF217AFB0900D19EFD /* UIButton+Extensions.swift in Sources */ = {isa = PBXBuildFile; fileRef = 8AE275BE217AFB0900D19EFD /* UIButton+Extensions.swift */; };
		8AE275C1217B05F000D19EFD /* UIBarButtonItem+Extensions.swift in Sources */ = {isa = PBXBuildFile; fileRef = 8AE275C0217B05F000D19EFD /* UIBarButtonItem+Extensions.swift */; };
		8AE275C4217B091600D19EFD /* Settings.storyboard in Resources */ = {isa = PBXBuildFile; fileRef = 8AE275C3217B091600D19EFD /* Settings.storyboard */; };
		8AE275C6217B0ACE00D19EFD /* SettingsViewController.swift in Sources */ = {isa = PBXBuildFile; fileRef = 8AE275C5217B0ACE00D19EFD /* SettingsViewController.swift */; };
		8AE275C8217B0BE700D19EFD /* SettingsManager.swift in Sources */ = {isa = PBXBuildFile; fileRef = 8AE275C7217B0BE700D19EFD /* SettingsManager.swift */; };
		8AE275CA217BBB2400D19EFD /* OpenSans-Regular.ttf in Resources */ = {isa = PBXBuildFile; fileRef = 8AE275C9217BBB2400D19EFD /* OpenSans-Regular.ttf */; };
		8AE275CC217BBCFB00D19EFD /* UIColor+Extensions.swift in Sources */ = {isa = PBXBuildFile; fileRef = 8AE275CB217BBCFB00D19EFD /* UIColor+Extensions.swift */; };
		8AE275CE217BBDAD00D19EFD /* Theme.swift in Sources */ = {isa = PBXBuildFile; fileRef = 8AE275CD217BBDAD00D19EFD /* Theme.swift */; };
/* End PBXBuildFile section */

/* Begin PBXFileReference section */
		5381E0BA815159F0C43BDD2A /* Pods-QuranEnglish.debug.xcconfig */ = {isa = PBXFileReference; includeInIndex = 1; lastKnownFileType = text.xcconfig; name = "Pods-QuranEnglish.debug.xcconfig"; path = "Pods/Target Support Files/Pods-QuranEnglish/Pods-QuranEnglish.debug.xcconfig"; sourceTree = "<group>"; };
		8A1EE5822186348F009F7DC9 /* FastScroll+Extensions.swift */ = {isa = PBXFileReference; lastKnownFileType = sourcecode.swift; path = "FastScroll+Extensions.swift"; sourceTree = "<group>"; };
		8A392F602172738700DA1200 /* QuranParsingManager.swift */ = {isa = PBXFileReference; lastKnownFileType = sourcecode.swift; path = QuranParsingManager.swift; sourceTree = "<group>"; };
		8A392F62217273B900DA1200 /* QuranMetadataParser.swift */ = {isa = PBXFileReference; lastKnownFileType = sourcecode.swift; path = QuranMetadataParser.swift; sourceTree = "<group>"; };
		8A4E68F72172B6E10050B5BF /* DataParser.swift */ = {isa = PBXFileReference; lastKnownFileType = sourcecode.swift; path = DataParser.swift; sourceTree = "<group>"; };
		8A4E68F92172B8DD0050B5BF /* ParsingErrors.swift */ = {isa = PBXFileReference; lastKnownFileType = sourcecode.swift; path = ParsingErrors.swift; sourceTree = "<group>"; };
		8A4E68FB2172BDFE0050B5BF /* Surah.storyboard */ = {isa = PBXFileReference; lastKnownFileType = file.storyboard; path = Surah.storyboard; sourceTree = "<group>"; };
		8A4E69002172BFF10050B5BF /* SurahViewController.swift */ = {isa = PBXFileReference; lastKnownFileType = sourcecode.swift; path = SurahViewController.swift; sourceTree = "<group>"; };
		8A4E69032172CC6F0050B5BF /* UIFont+Extensions.swift */ = {isa = PBXFileReference; lastKnownFileType = sourcecode.swift; path = "UIFont+Extensions.swift"; sourceTree = "<group>"; };
		8A4E690D2172D2100050B5BF /* AlBayan.ttf */ = {isa = PBXFileReference; lastKnownFileType = file; path = AlBayan.ttf; sourceTree = "<group>"; };
		8A4E690F2172D7140050B5BF /* AlBayan-Bold.otf */ = {isa = PBXFileReference; lastKnownFileType = file; path = "AlBayan-Bold.otf"; sourceTree = "<group>"; };
		8A581AC81EE15D19009B18F3 /* QuranEnglish.app */ = {isa = PBXFileReference; explicitFileType = wrapper.application; includeInIndex = 0; path = QuranEnglish.app; sourceTree = BUILT_PRODUCTS_DIR; };
		8A581ACB1EE15D19009B18F3 /* AppDelegate.swift */ = {isa = PBXFileReference; lastKnownFileType = sourcecode.swift; path = AppDelegate.swift; sourceTree = "<group>"; };
		8A581AD01EE15D19009B18F3 /* Base */ = {isa = PBXFileReference; lastKnownFileType = file.storyboard; name = Base; path = Base.lproj/Main.storyboard; sourceTree = "<group>"; };
		8A581AD31EE15D19009B18F3 /* QuranEnglish.xcdatamodel */ = {isa = PBXFileReference; lastKnownFileType = wrapper.xcdatamodel; path = QuranEnglish.xcdatamodel; sourceTree = "<group>"; };
		8A581AD51EE15D19009B18F3 /* Assets.xcassets */ = {isa = PBXFileReference; lastKnownFileType = folder.assetcatalog; path = Assets.xcassets; sourceTree = "<group>"; };
		8A581AD81EE15D19009B18F3 /* Base */ = {isa = PBXFileReference; lastKnownFileType = file.storyboard; name = Base; path = Base.lproj/LaunchScreen.storyboard; sourceTree = "<group>"; };
		8A581ADA1EE15D19009B18F3 /* Info.plist */ = {isa = PBXFileReference; lastKnownFileType = text.plist.xml; path = Info.plist; sourceTree = "<group>"; };
		8A581AE01EE1694D009B18F3 /* quran-simple.xml */ = {isa = PBXFileReference; fileEncoding = 4; lastKnownFileType = text.xml; path = "quran-simple.xml"; sourceTree = "<group>"; };
		8A6538B62180C41B000ABA7E /* CoreDataStack.swift */ = {isa = PBXFileReference; lastKnownFileType = sourcecode.swift; path = CoreDataStack.swift; sourceTree = "<group>"; };
		8A6538C22180C6F9000ABA7E /* AyaMetadata+CoreDataClass.swift */ = {isa = PBXFileReference; fileEncoding = 4; lastKnownFileType = sourcecode.swift; name = "AyaMetadata+CoreDataClass.swift"; path = "QuranEnglish/CoreData/Models/AyaMetadata+CoreDataClass.swift"; sourceTree = SOURCE_ROOT; };
		8A6538C42180C6F9000ABA7E /* Bookmark+CoreDataClass.swift */ = {isa = PBXFileReference; fileEncoding = 4; lastKnownFileType = sourcecode.swift; name = "Bookmark+CoreDataClass.swift"; path = "QuranEnglish/CoreData/Models/Bookmark+CoreDataClass.swift"; sourceTree = SOURCE_ROOT; };
		8A6538CA2180C829000ABA7E /* BookmarksManager.swift */ = {isa = PBXFileReference; lastKnownFileType = sourcecode.swift; path = BookmarksManager.swift; sourceTree = "<group>"; };
		8A6538D4218187AE000ABA7E /* Bookmark+CoreDataProperties.swift */ = {isa = PBXFileReference; lastKnownFileType = sourcecode.swift; name = "Bookmark+CoreDataProperties.swift"; path = "/Users/aamirjawaid/Documents/workspace/QE/QuranEnglish/QuranEnglish/CoreData/New Group/Bookmark+CoreDataProperties.swift"; sourceTree = "<absolute>"; };
		8A6538D5218187AE000ABA7E /* AyaMetadata+CoreDataProperties.swift */ = {isa = PBXFileReference; lastKnownFileType = sourcecode.swift; name = "AyaMetadata+CoreDataProperties.swift"; path = "/Users/aamirjawaid/Documents/workspace/QE/QuranEnglish/QuranEnglish/CoreData/New Group/AyaMetadata+CoreDataProperties.swift"; sourceTree = "<absolute>"; };
		8A77C55120D631EE009CBBC7 /* QuranDocument.swift */ = {isa = PBXFileReference; lastKnownFileType = sourcecode.swift; path = QuranDocument.swift; sourceTree = "<group>"; };
		8A77C55320D63CA1009CBBC7 /* LoadingScreen.swift */ = {isa = PBXFileReference; lastKnownFileType = sourcecode.swift; path = LoadingScreen.swift; sourceTree = "<group>"; };
		8A77C55520D6454C009CBBC7 /* SurahTableViewController.swift */ = {isa = PBXFileReference; lastKnownFileType = sourcecode.swift; path = SurahTableViewController.swift; sourceTree = "<group>"; };
		8A7FA25720B3D6FB00991490 /* Aya.swift */ = {isa = PBXFileReference; lastKnownFileType = sourcecode.swift; path = Aya.swift; sourceTree = "<group>"; };
		8A7FA25920B3D70500991490 /* Surah.swift */ = {isa = PBXFileReference; lastKnownFileType = sourcecode.swift; path = Surah.swift; sourceTree = "<group>"; };
		8A7FA25B20B3D72400991490 /* Quran.swift */ = {isa = PBXFileReference; lastKnownFileType = sourcecode.swift; path = Quran.swift; sourceTree = "<group>"; };
		8A94FA051EE2B28A00DD5D9F /* en.sahih.xml */ = {isa = PBXFileReference; fileEncoding = 4; lastKnownFileType = text.xml; path = en.sahih.xml; sourceTree = "<group>"; };
		8A94FA071EE2B2AE00DD5D9F /* QuranParser.swift */ = {isa = PBXFileReference; fileEncoding = 4; lastKnownFileType = sourcecode.swift; path = QuranParser.swift; sourceTree = "<group>"; };
		8A94FA091EE352AD00DD5D9F /* Alkalami-Regular.ttf */ = {isa = PBXFileReference; lastKnownFileType = file; path = "Alkalami-Regular.ttf"; sourceTree = "<group>"; };
		8A94FA0A1EE36C2200DD5D9F /* quran-simple-enhanced.xml */ = {isa = PBXFileReference; fileEncoding = 4; lastKnownFileType = text.xml; path = "quran-simple-enhanced.xml"; sourceTree = "<group>"; };
		8AD5215121724EF50008E7C6 /* quran-data.xml */ = {isa = PBXFileReference; fileEncoding = 4; lastKnownFileType = text.xml; path = "quran-data.xml"; sourceTree = "<group>"; };
		8AD5215321724F2D0008E7C6 /* QuranMetadata.swift */ = {isa = PBXFileReference; lastKnownFileType = sourcecode.swift; path = QuranMetadata.swift; sourceTree = "<group>"; };
		8AE275B7217643AF00D19EFD /* BorderView.swift */ = {isa = PBXFileReference; lastKnownFileType = sourcecode.swift; path = BorderView.swift; sourceTree = "<group>"; };
		8AE275BA217AF4C100D19EFD /* Translations.swift */ = {isa = PBXFileReference; lastKnownFileType = sourcecode.swift; path = Translations.swift; sourceTree = "<group>"; };
		8AE275BE217AFB0900D19EFD /* UIButton+Extensions.swift */ = {isa = PBXFileReference; lastKnownFileType = sourcecode.swift; path = "UIButton+Extensions.swift"; sourceTree = "<group>"; };
		8AE275C0217B05F000D19EFD /* UIBarButtonItem+Extensions.swift */ = {isa = PBXFileReference; lastKnownFileType = sourcecode.swift; path = "UIBarButtonItem+Extensions.swift"; sourceTree = "<group>"; };
		8AE275C3217B091600D19EFD /* Settings.storyboard */ = {isa = PBXFileReference; lastKnownFileType = file.storyboard; path = Settings.storyboard; sourceTree = "<group>"; };
		8AE275C5217B0ACE00D19EFD /* SettingsViewController.swift */ = {isa = PBXFileReference; lastKnownFileType = sourcecode.swift; path = SettingsViewController.swift; sourceTree = "<group>"; };
		8AE275C7217B0BE700D19EFD /* SettingsManager.swift */ = {isa = PBXFileReference; lastKnownFileType = sourcecode.swift; path = SettingsManager.swift; sourceTree = "<group>"; };
		8AE275C9217BBB2400D19EFD /* OpenSans-Regular.ttf */ = {isa = PBXFileReference; lastKnownFileType = file; path = "OpenSans-Regular.ttf"; sourceTree = "<group>"; };
		8AE275CB217BBCFB00D19EFD /* UIColor+Extensions.swift */ = {isa = PBXFileReference; lastKnownFileType = sourcecode.swift; path = "UIColor+Extensions.swift"; sourceTree = "<group>"; };
		8AE275CD217BBDAD00D19EFD /* Theme.swift */ = {isa = PBXFileReference; lastKnownFileType = sourcecode.swift; path = Theme.swift; sourceTree = "<group>"; };
		D649B396EAF233ED739E6CDD /* Pods_QuranEnglish.framework */ = {isa = PBXFileReference; explicitFileType = wrapper.framework; includeInIndex = 0; path = Pods_QuranEnglish.framework; sourceTree = BUILT_PRODUCTS_DIR; };
		D7B689BA9D8369E48777D1AF /* Pods-QuranEnglish.release.xcconfig */ = {isa = PBXFileReference; includeInIndex = 1; lastKnownFileType = text.xcconfig; name = "Pods-QuranEnglish.release.xcconfig"; path = "Pods/Target Support Files/Pods-QuranEnglish/Pods-QuranEnglish.release.xcconfig"; sourceTree = "<group>"; };
/* End PBXFileReference section */

/* Begin PBXFrameworksBuildPhase section */
		8A581AC51EE15D19009B18F3 /* Frameworks */ = {
			isa = PBXFrameworksBuildPhase;
			buildActionMask = 2147483647;
			files = (
				31C71B12DDD92A6D3936F6C3 /* Pods_QuranEnglish.framework in Frameworks */,
			);
			runOnlyForDeploymentPostprocessing = 0;
		};
/* End PBXFrameworksBuildPhase section */

/* Begin PBXGroup section */
		623F9E77B6B3442BAC878002 /* Frameworks */ = {
			isa = PBXGroup;
			children = (
				D649B396EAF233ED739E6CDD /* Pods_QuranEnglish.framework */,
			);
			name = Frameworks;
			sourceTree = "<group>";
		};
		8A392F5F2172736F00DA1200 /* QuranParsing */ = {
			isa = PBXGroup;
			children = (
				8A94FA071EE2B2AE00DD5D9F /* QuranParser.swift */,
				8A392F602172738700DA1200 /* QuranParsingManager.swift */,
				8A392F62217273B900DA1200 /* QuranMetadataParser.swift */,
				8A4E68F72172B6E10050B5BF /* DataParser.swift */,
				8A4E68F92172B8DD0050B5BF /* ParsingErrors.swift */,
			);
			path = QuranParsing;
			sourceTree = "<group>";
		};
		8A4E68FF2172BFC90050B5BF /* Surah */ = {
			isa = PBXGroup;
			children = (
				8A4E68FB2172BDFE0050B5BF /* Surah.storyboard */,
				8A77C55520D6454C009CBBC7 /* SurahTableViewController.swift */,
				8A4E69002172BFF10050B5BF /* SurahViewController.swift */,
			);
			path = Surah;
			sourceTree = "<group>";
		};
		8A4E69022172CC410050B5BF /* Extensions */ = {
			isa = PBXGroup;
			children = (
				8A4E69032172CC6F0050B5BF /* UIFont+Extensions.swift */,
				8AE275BE217AFB0900D19EFD /* UIButton+Extensions.swift */,
				8AE275C0217B05F000D19EFD /* UIBarButtonItem+Extensions.swift */,
				8AE275CB217BBCFB00D19EFD /* UIColor+Extensions.swift */,
				8A1EE5822186348F009F7DC9 /* FastScroll+Extensions.swift */,
			);
			path = Extensions;
			sourceTree = "<group>";
		};
		8A4E69052172CC9C0050B5BF /* Font */ = {
			isa = PBXGroup;
			children = (
				8A94FA091EE352AD00DD5D9F /* Alkalami-Regular.ttf */,
				8A4E690D2172D2100050B5BF /* AlBayan.ttf */,
				8A4E690F2172D7140050B5BF /* AlBayan-Bold.otf */,
				8AE275C9217BBB2400D19EFD /* OpenSans-Regular.ttf */,
			);
			path = Font;
			sourceTree = "<group>";
		};
		8A581ABF1EE15D19009B18F3 = {
			isa = PBXGroup;
			children = (
				8A581ACA1EE15D19009B18F3 /* QuranEnglish */,
				8A581AC91EE15D19009B18F3 /* Products */,
				A5A3B10D5D60809831DAA9C2 /* Pods */,
				623F9E77B6B3442BAC878002 /* Frameworks */,
			);
			sourceTree = "<group>";
		};
		8A581AC91EE15D19009B18F3 /* Products */ = {
			isa = PBXGroup;
			children = (
				8A581AC81EE15D19009B18F3 /* QuranEnglish.app */,
			);
			name = Products;
			sourceTree = "<group>";
		};
		8A581ACA1EE15D19009B18F3 /* QuranEnglish */ = {
			isa = PBXGroup;
			children = (
				8A6538C92180C80F000ABA7E /* Bookmarks */,
				8A6538B52180C3FE000ABA7E /* CoreData */,
				8A581ACB1EE15D19009B18F3 /* AppDelegate.swift */,
				8A581AD51EE15D19009B18F3 /* Assets.xcassets */,
				8AE275B9217AF45C00D19EFD /* DataFiles */,
				8A4E69022172CC410050B5BF /* Extensions */,
				8A4E69052172CC9C0050B5BF /* Font */,
				8A581ADA1EE15D19009B18F3 /* Info.plist */,
				8A581AD71EE15D19009B18F3 /* LaunchScreen.storyboard */,
				8A77C55320D63CA1009CBBC7 /* LoadingScreen.swift */,
				8A581ACF1EE15D19009B18F3 /* Main.storyboard */,
				8A7FA25620B3D6EF00991490 /* Models */,
				8A77C55120D631EE009CBBC7 /* QuranDocument.swift */,
				8A581AD21EE15D19009B18F3 /* QuranEnglish.xcdatamodeld */,
				8A392F5F2172736F00DA1200 /* QuranParsing */,
				8AE275C2217B08EE00D19EFD /* Settings */,
				8A4E68FF2172BFC90050B5BF /* Surah */,
				8AE275B6217643A200D19EFD /* Views */,
			);
			path = QuranEnglish;
			sourceTree = "<group>";
		};
		8A6538B52180C3FE000ABA7E /* CoreData */ = {
			isa = PBXGroup;
			children = (
				8A6538B82180C62E000ABA7E /* Models */,
				8A6538B62180C41B000ABA7E /* CoreDataStack.swift */,
			);
			path = CoreData;
			sourceTree = "<group>";
		};
		8A6538B82180C62E000ABA7E /* Models */ = {
			isa = PBXGroup;
			children = (
				8A6538D4218187AE000ABA7E /* Bookmark+CoreDataProperties.swift */,
				8A6538D5218187AE000ABA7E /* AyaMetadata+CoreDataProperties.swift */,
				8A6538C22180C6F9000ABA7E /* AyaMetadata+CoreDataClass.swift */,
				8A6538C42180C6F9000ABA7E /* Bookmark+CoreDataClass.swift */,
			);
			name = Models;
			path = "New Group";
			sourceTree = "<group>";
		};
		8A6538C92180C80F000ABA7E /* Bookmarks */ = {
			isa = PBXGroup;
			children = (
				8A6538CA2180C829000ABA7E /* BookmarksManager.swift */,
			);
			path = Bookmarks;
			sourceTree = "<group>";
		};
		8A7FA25620B3D6EF00991490 /* Models */ = {
			isa = PBXGroup;
			children = (
				8A7FA25720B3D6FB00991490 /* Aya.swift */,
				8A7FA25920B3D70500991490 /* Surah.swift */,
				8A7FA25B20B3D72400991490 /* Quran.swift */,
				8AD5215321724F2D0008E7C6 /* QuranMetadata.swift */,
				8AE275BA217AF4C100D19EFD /* Translations.swift */,
			);
			path = Models;
			sourceTree = "<group>";
		};
		8AE275B6217643A200D19EFD /* Views */ = {
			isa = PBXGroup;
			children = (
				8AE275B7217643AF00D19EFD /* BorderView.swift */,
			);
			path = Views;
			sourceTree = "<group>";
		};
		8AE275B9217AF45C00D19EFD /* DataFiles */ = {
			isa = PBXGroup;
			children = (
				8AD5215121724EF50008E7C6 /* quran-data.xml */,
				8A94FA0A1EE36C2200DD5D9F /* quran-simple-enhanced.xml */,
				8A581AE01EE1694D009B18F3 /* quran-simple.xml */,
				8A94FA051EE2B28A00DD5D9F /* en.sahih.xml */,
			);
			path = DataFiles;
			sourceTree = "<group>";
		};
		8AE275C2217B08EE00D19EFD /* Settings */ = {
			isa = PBXGroup;
			children = (
				8AE275C3217B091600D19EFD /* Settings.storyboard */,
				8AE275C5217B0ACE00D19EFD /* SettingsViewController.swift */,
				8AE275C7217B0BE700D19EFD /* SettingsManager.swift */,
				8AE275CD217BBDAD00D19EFD /* Theme.swift */,
			);
			path = Settings;
			sourceTree = "<group>";
		};
		A5A3B10D5D60809831DAA9C2 /* Pods */ = {
			isa = PBXGroup;
			children = (
				5381E0BA815159F0C43BDD2A /* Pods-QuranEnglish.debug.xcconfig */,
				D7B689BA9D8369E48777D1AF /* Pods-QuranEnglish.release.xcconfig */,
			);
			name = Pods;
			sourceTree = "<group>";
		};
/* End PBXGroup section */

/* Begin PBXNativeTarget section */
		8A581AC71EE15D19009B18F3 /* QuranEnglish */ = {
			isa = PBXNativeTarget;
			buildConfigurationList = 8A581ADD1EE15D19009B18F3 /* Build configuration list for PBXNativeTarget "QuranEnglish" */;
			buildPhases = (
				069AAAB0AC4D0E0C2AA133A0 /* [CP] Check Pods Manifest.lock */,
				8A581AC41EE15D19009B18F3 /* Sources */,
				8A581AC51EE15D19009B18F3 /* Frameworks */,
				8A581AC61EE15D19009B18F3 /* Resources */,
				9F4DD178A3298AB69CD79875 /* [CP] Embed Pods Frameworks */,
				77513F7C005CD1ABA335333D /* [CP] Copy Pods Resources */,
			);
			buildRules = (
			);
			dependencies = (
			);
			name = QuranEnglish;
			productName = QuranEnglish;
			productReference = 8A581AC81EE15D19009B18F3 /* QuranEnglish.app */;
			productType = "com.apple.product-type.application";
		};
/* End PBXNativeTarget section */

/* Begin PBXProject section */
		8A581AC01EE15D19009B18F3 /* Project object */ = {
			isa = PBXProject;
			attributes = {
				LastSwiftUpdateCheck = 0830;
				LastUpgradeCheck = 0830;
				ORGANIZATIONNAME = "Aamir Jawaid";
				TargetAttributes = {
					8A581AC71EE15D19009B18F3 = {
						CreatedOnToolsVersion = 8.3.2;
						DevelopmentTeam = V2V32H7Y34;
						ProvisioningStyle = Automatic;
					};
				};
			};
			buildConfigurationList = 8A581AC31EE15D19009B18F3 /* Build configuration list for PBXProject "QuranEnglish" */;
			compatibilityVersion = "Xcode 3.2";
			developmentRegion = English;
			hasScannedForEncodings = 0;
			knownRegions = (
				en,
				Base,
			);
			mainGroup = 8A581ABF1EE15D19009B18F3;
			productRefGroup = 8A581AC91EE15D19009B18F3 /* Products */;
			projectDirPath = "";
			projectRoot = "";
			targets = (
				8A581AC71EE15D19009B18F3 /* QuranEnglish */,
			);
		};
/* End PBXProject section */

/* Begin PBXResourcesBuildPhase section */
		8A581AC61EE15D19009B18F3 /* Resources */ = {
			isa = PBXResourcesBuildPhase;
			buildActionMask = 2147483647;
			files = (
				8A581AD91EE15D19009B18F3 /* LaunchScreen.storyboard in Resources */,
				8A581AE11EE1694D009B18F3 /* quran-simple.xml in Resources */,
				8A4E69102172D7210050B5BF /* AlBayan-Bold.otf in Resources */,
				8AE275C4217B091600D19EFD /* Settings.storyboard in Resources */,
				8A4E68FC2172BDFE0050B5BF /* Surah.storyboard in Resources */,
				8A94FA061EE2B28A00DD5D9F /* en.sahih.xml in Resources */,
				8A4E69062172CCB80050B5BF /* Alkalami-Regular.ttf in Resources */,
				8A94FA0B1EE36C2200DD5D9F /* quran-simple-enhanced.xml in Resources */,
				8A4E690E2172D2100050B5BF /* AlBayan.ttf in Resources */,
				8A581AD61EE15D19009B18F3 /* Assets.xcassets in Resources */,
				8A581AD11EE15D19009B18F3 /* Main.storyboard in Resources */,
				8AE275CA217BBB2400D19EFD /* OpenSans-Regular.ttf in Resources */,
				8AD5215221724EF60008E7C6 /* quran-data.xml in Resources */,
			);
			runOnlyForDeploymentPostprocessing = 0;
		};
/* End PBXResourcesBuildPhase section */

/* Begin PBXShellScriptBuildPhase section */
		069AAAB0AC4D0E0C2AA133A0 /* [CP] Check Pods Manifest.lock */ = {
			isa = PBXShellScriptBuildPhase;
			buildActionMask = 2147483647;
			files = (
			);
			inputPaths = (
				"${PODS_PODFILE_DIR_PATH}/Podfile.lock",
				"${PODS_ROOT}/Manifest.lock",
			);
			name = "[CP] Check Pods Manifest.lock";
			outputPaths = (
				"$(DERIVED_FILE_DIR)/Pods-QuranEnglish-checkManifestLockResult.txt",
			);
			runOnlyForDeploymentPostprocessing = 0;
			shellPath = /bin/sh;
			shellScript = "diff \"${PODS_PODFILE_DIR_PATH}/Podfile.lock\" \"${PODS_ROOT}/Manifest.lock\" > /dev/null\nif [ $? != 0 ] ; then\n    # print error to STDERR\n    echo \"error: The sandbox is not in sync with the Podfile.lock. Run 'pod install' or update your CocoaPods installation.\" >&2\n    exit 1\nfi\n# This output is used by Xcode 'outputs' to avoid re-running this script phase.\necho \"SUCCESS\" > \"${SCRIPT_OUTPUT_FILE_0}\"\n";
			showEnvVarsInLog = 0;
		};
		77513F7C005CD1ABA335333D /* [CP] Copy Pods Resources */ = {
			isa = PBXShellScriptBuildPhase;
			buildActionMask = 2147483647;
			files = (
			);
			inputPaths = (
			);
			name = "[CP] Copy Pods Resources";
			outputPaths = (
			);
			runOnlyForDeploymentPostprocessing = 0;
			shellPath = /bin/sh;
			shellScript = "\"${SRCROOT}/Pods/Target Support Files/Pods-QuranEnglish/Pods-QuranEnglish-resources.sh\"\n";
			showEnvVarsInLog = 0;
		};
		9F4DD178A3298AB69CD79875 /* [CP] Embed Pods Frameworks */ = {
			isa = PBXShellScriptBuildPhase;
			buildActionMask = 2147483647;
			files = (
			);
			inputPaths = (
				"${SRCROOT}/Pods/Target Support Files/Pods-QuranEnglish/Pods-QuranEnglish-frameworks.sh",
				"${BUILT_PRODUCTS_DIR}/FastScroll/FastScroll.framework",
				"${BUILT_PRODUCTS_DIR}/FontAwesome.swift/FontAwesome_swift.framework",
				"${BUILT_PRODUCTS_DIR}/SwipeCellKit/SwipeCellKit.framework",
			);
			name = "[CP] Embed Pods Frameworks";
			outputPaths = (
				"${TARGET_BUILD_DIR}/${FRAMEWORKS_FOLDER_PATH}/FastScroll.framework",
				"${TARGET_BUILD_DIR}/${FRAMEWORKS_FOLDER_PATH}/FontAwesome_swift.framework",
				"${TARGET_BUILD_DIR}/${FRAMEWORKS_FOLDER_PATH}/SwipeCellKit.framework",
			);
			runOnlyForDeploymentPostprocessing = 0;
			shellPath = /bin/sh;
			shellScript = "\"${SRCROOT}/Pods/Target Support Files/Pods-QuranEnglish/Pods-QuranEnglish-frameworks.sh\"\n";
			showEnvVarsInLog = 0;
		};
/* End PBXShellScriptBuildPhase section */

/* Begin PBXSourcesBuildPhase section */
		8A581AC41EE15D19009B18F3 /* Sources */ = {
			isa = PBXSourcesBuildPhase;
			buildActionMask = 2147483647;
			files = (
				8AE275BF217AFB0900D19EFD /* UIButton+Extensions.swift in Sources */,
				8A392F63217273B900DA1200 /* QuranMetadataParser.swift in Sources */,
				8AE275C6217B0ACE00D19EFD /* SettingsViewController.swift in Sources */,
				8A94FA081EE2B2AE00DD5D9F /* QuranParser.swift in Sources */,
				8A4E68F82172B6E10050B5BF /* DataParser.swift in Sources */,
				8A77C55420D63CA1009CBBC7 /* LoadingScreen.swift in Sources */,
				8A7FA25A20B3D70500991490 /* Surah.swift in Sources */,
				8A6538C62180C6F9000ABA7E /* AyaMetadata+CoreDataClass.swift in Sources */,
				8A6538D7218187AE000ABA7E /* AyaMetadata+CoreDataProperties.swift in Sources */,
				8AE275C1217B05F000D19EFD /* UIBarButtonItem+Extensions.swift in Sources */,
				8AD5215421724F2D0008E7C6 /* QuranMetadata.swift in Sources */,
				8A6538CB2180C829000ABA7E /* BookmarksManager.swift in Sources */,
				8AE275CE217BBDAD00D19EFD /* Theme.swift in Sources */,
				8A581AD41EE15D19009B18F3 /* QuranEnglish.xcdatamodeld in Sources */,
				8A77C55220D631EE009CBBC7 /* QuranDocument.swift in Sources */,
				8AE275B8217643AF00D19EFD /* BorderView.swift in Sources */,
				8A392F612172738700DA1200 /* QuranParsingManager.swift in Sources */,
				8A6538C82180C6F9000ABA7E /* Bookmark+CoreDataClass.swift in Sources */,
				8A4E69012172BFF10050B5BF /* SurahViewController.swift in Sources */,
				8A4E69042172CC6F0050B5BF /* UIFont+Extensions.swift in Sources */,
				8A77C55620D6454C009CBBC7 /* SurahTableViewController.swift in Sources */,
				8AE275BB217AF4C100D19EFD /* Translations.swift in Sources */,
				8A581ACC1EE15D19009B18F3 /* AppDelegate.swift in Sources */,
				8A4E68FA2172B8DD0050B5BF /* ParsingErrors.swift in Sources */,
				8A6538B72180C41B000ABA7E /* CoreDataStack.swift in Sources */,
				8A6538D6218187AE000ABA7E /* Bookmark+CoreDataProperties.swift in Sources */,
				8A7FA25C20B3D72400991490 /* Quran.swift in Sources */,
				8AE275C8217B0BE700D19EFD /* SettingsManager.swift in Sources */,
				8AE275CC217BBCFB00D19EFD /* UIColor+Extensions.swift in Sources */,
				8A7FA25820B3D6FB00991490 /* Aya.swift in Sources */,
				8A1EE5832186348F009F7DC9 /* FastScroll+Extensions.swift in Sources */,
			);
			runOnlyForDeploymentPostprocessing = 0;
		};
/* End PBXSourcesBuildPhase section */

/* Begin PBXVariantGroup section */
		8A581ACF1EE15D19009B18F3 /* Main.storyboard */ = {
			isa = PBXVariantGroup;
			children = (
				8A581AD01EE15D19009B18F3 /* Base */,
			);
			name = Main.storyboard;
			sourceTree = "<group>";
		};
		8A581AD71EE15D19009B18F3 /* LaunchScreen.storyboard */ = {
			isa = PBXVariantGroup;
			children = (
				8A581AD81EE15D19009B18F3 /* Base */,
			);
			name = LaunchScreen.storyboard;
			sourceTree = "<group>";
		};
/* End PBXVariantGroup section */

/* Begin XCBuildConfiguration section */
		8A581ADB1EE15D19009B18F3 /* Debug */ = {
			isa = XCBuildConfiguration;
			buildSettings = {
				ALWAYS_SEARCH_USER_PATHS = NO;
				CLANG_ANALYZER_NONNULL = YES;
				CLANG_ANALYZER_NUMBER_OBJECT_CONVERSION = YES_AGGRESSIVE;
				CLANG_CXX_LANGUAGE_STANDARD = "gnu++0x";
				CLANG_CXX_LIBRARY = "libc++";
				CLANG_ENABLE_MODULES = YES;
				CLANG_ENABLE_OBJC_ARC = YES;
				CLANG_WARN_BOOL_CONVERSION = YES;
				CLANG_WARN_CONSTANT_CONVERSION = YES;
				CLANG_WARN_DIRECT_OBJC_ISA_USAGE = YES_ERROR;
				CLANG_WARN_DOCUMENTATION_COMMENTS = YES;
				CLANG_WARN_EMPTY_BODY = YES;
				CLANG_WARN_ENUM_CONVERSION = YES;
				CLANG_WARN_INFINITE_RECURSION = YES;
				CLANG_WARN_INT_CONVERSION = YES;
				CLANG_WARN_OBJC_ROOT_CLASS = YES_ERROR;
				CLANG_WARN_SUSPICIOUS_MOVE = YES;
				CLANG_WARN_UNREACHABLE_CODE = YES;
				CLANG_WARN__DUPLICATE_METHOD_MATCH = YES;
				"CODE_SIGN_IDENTITY[sdk=iphoneos*]" = "iPhone Developer";
				COPY_PHASE_STRIP = NO;
				DEBUG_INFORMATION_FORMAT = dwarf;
				ENABLE_STRICT_OBJC_MSGSEND = YES;
				ENABLE_TESTABILITY = YES;
				GCC_C_LANGUAGE_STANDARD = gnu99;
				GCC_DYNAMIC_NO_PIC = NO;
				GCC_NO_COMMON_BLOCKS = YES;
				GCC_OPTIMIZATION_LEVEL = 0;
				GCC_PREPROCESSOR_DEFINITIONS = (
					"DEBUG=1",
					"$(inherited)",
				);
				GCC_WARN_64_TO_32_BIT_CONVERSION = YES;
				GCC_WARN_ABOUT_RETURN_TYPE = YES_ERROR;
				GCC_WARN_UNDECLARED_SELECTOR = YES;
				GCC_WARN_UNINITIALIZED_AUTOS = YES_AGGRESSIVE;
				GCC_WARN_UNUSED_FUNCTION = YES;
				GCC_WARN_UNUSED_VARIABLE = YES;
				IPHONEOS_DEPLOYMENT_TARGET = 10.3;
				MTL_ENABLE_DEBUG_INFO = YES;
				ONLY_ACTIVE_ARCH = YES;
				SDKROOT = iphoneos;
				SWIFT_ACTIVE_COMPILATION_CONDITIONS = DEBUG;
				SWIFT_OPTIMIZATION_LEVEL = "-Onone";
			};
			name = Debug;
		};
		8A581ADC1EE15D19009B18F3 /* Release */ = {
			isa = XCBuildConfiguration;
			buildSettings = {
				ALWAYS_SEARCH_USER_PATHS = NO;
				CLANG_ANALYZER_NONNULL = YES;
				CLANG_ANALYZER_NUMBER_OBJECT_CONVERSION = YES_AGGRESSIVE;
				CLANG_CXX_LANGUAGE_STANDARD = "gnu++0x";
				CLANG_CXX_LIBRARY = "libc++";
				CLANG_ENABLE_MODULES = YES;
				CLANG_ENABLE_OBJC_ARC = YES;
				CLANG_WARN_BOOL_CONVERSION = YES;
				CLANG_WARN_CONSTANT_CONVERSION = YES;
				CLANG_WARN_DIRECT_OBJC_ISA_USAGE = YES_ERROR;
				CLANG_WARN_DOCUMENTATION_COMMENTS = YES;
				CLANG_WARN_EMPTY_BODY = YES;
				CLANG_WARN_ENUM_CONVERSION = YES;
				CLANG_WARN_INFINITE_RECURSION = YES;
				CLANG_WARN_INT_CONVERSION = YES;
				CLANG_WARN_OBJC_ROOT_CLASS = YES_ERROR;
				CLANG_WARN_SUSPICIOUS_MOVE = YES;
				CLANG_WARN_UNREACHABLE_CODE = YES;
				CLANG_WARN__DUPLICATE_METHOD_MATCH = YES;
				"CODE_SIGN_IDENTITY[sdk=iphoneos*]" = "iPhone Developer";
				COPY_PHASE_STRIP = NO;
				DEBUG_INFORMATION_FORMAT = "dwarf-with-dsym";
				ENABLE_NS_ASSERTIONS = NO;
				ENABLE_STRICT_OBJC_MSGSEND = YES;
				GCC_C_LANGUAGE_STANDARD = gnu99;
				GCC_NO_COMMON_BLOCKS = YES;
				GCC_WARN_64_TO_32_BIT_CONVERSION = YES;
				GCC_WARN_ABOUT_RETURN_TYPE = YES_ERROR;
				GCC_WARN_UNDECLARED_SELECTOR = YES;
				GCC_WARN_UNINITIALIZED_AUTOS = YES_AGGRESSIVE;
				GCC_WARN_UNUSED_FUNCTION = YES;
				GCC_WARN_UNUSED_VARIABLE = YES;
				IPHONEOS_DEPLOYMENT_TARGET = 10.3;
				MTL_ENABLE_DEBUG_INFO = NO;
				SDKROOT = iphoneos;
				SWIFT_OPTIMIZATION_LEVEL = "-Owholemodule";
				VALIDATE_PRODUCT = YES;
			};
			name = Release;
		};
		8A581ADE1EE15D19009B18F3 /* Debug */ = {
			isa = XCBuildConfiguration;
			baseConfigurationReference = 5381E0BA815159F0C43BDD2A /* Pods-QuranEnglish.debug.xcconfig */;
			buildSettings = {
				ASSETCATALOG_COMPILER_APPICON_NAME = AppIcon;
				DEVELOPMENT_TEAM = V2V32H7Y34;
				INFOPLIST_FILE = QuranEnglish/Info.plist;
				LD_RUNPATH_SEARCH_PATHS = "$(inherited) @executable_path/Frameworks";
				PRODUCT_BUNDLE_IDENTIFIER = com.AlMaaida.QuranEnglish;
				PRODUCT_NAME = "$(TARGET_NAME)";
				SWIFT_VERSION = 4.2;
			};
			name = Debug;
		};
		8A581ADF1EE15D19009B18F3 /* Release */ = {
			isa = XCBuildConfiguration;
			baseConfigurationReference = D7B689BA9D8369E48777D1AF /* Pods-QuranEnglish.release.xcconfig */;
			buildSettings = {
				ASSETCATALOG_COMPILER_APPICON_NAME = AppIcon;
				DEVELOPMENT_TEAM = V2V32H7Y34;
				INFOPLIST_FILE = QuranEnglish/Info.plist;
				LD_RUNPATH_SEARCH_PATHS = "$(inherited) @executable_path/Frameworks";
				PRODUCT_BUNDLE_IDENTIFIER = com.AlMaaida.QuranEnglish;
				PRODUCT_NAME = "$(TARGET_NAME)";
				SWIFT_VERSION = 4.2;
			};
			name = Release;
		};
/* End XCBuildConfiguration section */

/* Begin XCConfigurationList section */
		8A581AC31EE15D19009B18F3 /* Build configuration list for PBXProject "QuranEnglish" */ = {
			isa = XCConfigurationList;
			buildConfigurations = (
				8A581ADB1EE15D19009B18F3 /* Debug */,
				8A581ADC1EE15D19009B18F3 /* Release */,
			);
			defaultConfigurationIsVisible = 0;
			defaultConfigurationName = Release;
		};
		8A581ADD1EE15D19009B18F3 /* Build configuration list for PBXNativeTarget "QuranEnglish" */ = {
			isa = XCConfigurationList;
			buildConfigurations = (
				8A581ADE1EE15D19009B18F3 /* Debug */,
				8A581ADF1EE15D19009B18F3 /* Release */,
			);
			defaultConfigurationIsVisible = 0;
			defaultConfigurationName = Release;
		};
/* End XCConfigurationList section */

/* Begin XCVersionGroup section */
		8A581AD21EE15D19009B18F3 /* QuranEnglish.xcdatamodeld */ = {
			isa = XCVersionGroup;
			children = (
				8A581AD31EE15D19009B18F3 /* QuranEnglish.xcdatamodel */,
			);
			currentVersion = 8A581AD31EE15D19009B18F3 /* QuranEnglish.xcdatamodel */;
			path = QuranEnglish.xcdatamodeld;
			sourceTree = "<group>";
			versionGroupType = wrapper.xcdatamodel;
		};
/* End XCVersionGroup section */
	};
	rootObject = 8A581AC01EE15D19009B18F3 /* Project object */;
}
